# This file is automatically @generated by Cargo.
# It is not intended for manual editing.
version = 4

[[package]]
name = "bit-vec"
version = "0.9.1"
source = "registry+https://github.com/rust-lang/crates.io-index"
checksum = "b71798fca2c1fe1086445a7258a4bc81e6e49dcd24c8d0dd9a1e57395b603f51"
dependencies = [
 "serde",
]

[[package]]
name = "bitflags"
version = "2.11.1"
source = "registry+https://github.com/rust-lang/crates.io-index"
checksum = "c4512299f36f043ab09a583e57bceb5a5aab7a73db1805848e8fef3c9e8c78b3"

[[package]]
name = "bstr"
version = "1.12.1"
source = "registry+https://github.com/rust-lang/crates.io-index"
checksum = "63044e1ae8e69f3b5a92c736ca6269b8d12fa7efe39bf34ddb06d102cf0e2cab"
dependencies = [
 "memchr",
 "serde",
]

[[package]]
name = "bumpalo"
version = "3.20.3"
source = "registry+https://github.com/rust-lang/crates.io-index"
checksum = "72f5acc6cb2ba439de613abc23857ec3d78374d8ed5ac84e9d11336e87da8649"

[[package]]
name = "bytes"
version = "1.11.1"
source = "registry+https://github.com/rust-lang/crates.io-index"
checksum = "1e748733b7cbc798e1434b6ac524f0c1ff2ab456fe201501e6497c8417a4fc33"

[[package]]
name = "cfg-if"
version = "1.0.4"
source = "registry+https://github.com/rust-lang/crates.io-index"
checksum = "9330f8b2ff13f34540b44e946ef35111825727b38d33286ef986142615121801"

[[package]]
name = "cnvlens-core"
version = "0.1.0"
dependencies = [
 "console_error_panic_hook",
 "libm",
 "noodles",
 "serde",
 "serde_json",
 "wasm-bindgen",
]

[[package]]
name = "console_error_panic_hook"
version = "0.1.7"
source = "registry+https://github.com/rust-lang/crates.io-index"
checksum = "a06aeb73f470f66dcdbf7223caeebb85984942f22f1adb2a088cf9668146bbbc"
dependencies = [
 "cfg-if",
 "wasm-bindgen",
]

[[package]]
name = "crossbeam-channel"
version = "0.5.15"
source = "registry+https://github.com/rust-lang/crates.io-index"
checksum = "82b8f8f868b36967f9606790d1903570de9ceaf870a7bf9fbbd3016d636a2cb2"
dependencies = [
 "crossbeam-utils",
]

[[package]]
name = "crossbeam-utils"
version = "0.8.21"
source = "registry+https://github.com/rust-lang/crates.io-index"
checksum = "d0a5c400df2834b80a4c3327b3aad3a4c4cd4de0629063962b03235697506a28"

[[package]]
name = "equivalent"
version = "1.0.2"
source = "registry+https://github.com/rust-lang/crates.io-index"
checksum = "877a4ace8713b0bcf2a4e7eec82529c029f1d0619886d18145fea96c3ffe5c0f"

[[package]]
name = "hashbrown"
version = "0.17.1"
source = "registry+https://github.com/rust-lang/crates.io-index"
checksum = "ed5909b6e89a2db4456e54cd5f673791d7eca6732202bbf2a9cc504fe2f9b84a"

[[package]]
name = "indexmap"
version = "2.14.0"
source = "registry+https://github.com/rust-lang/crates.io-index"
checksum = "d466e9454f08e4a911e14806c24e16fba1b4c121d1ea474396f396069cf949d9"
dependencies = [
 "equivalent",
 "hashbrown",
]

[[package]]
name = "itoa"
version = "1.0.18"
source = "registry+https://github.com/rust-lang/crates.io-index"
checksum = "8f42a60cbdf9a97f5d2305f08a87dc4e09308d1276d28c869c684d7777685682"

[[package]]
name = "lexical-core"
version = "1.0.6"
source = "registry+https://github.com/rust-lang/crates.io-index"
checksum = "7d8d125a277f807e55a77304455eb7b1cb52f2b18c143b60e766c120bd64a594"
dependencies = [
 "lexical-parse-float",
 "lexical-parse-integer",
 "lexical-util",
 "lexical-write-float",
 "lexical-write-integer",
]

[[package]]
name = "lexical-parse-float"
version = "1.0.6"
source = "registry+https://github.com/rust-lang/crates.io-index"
checksum = "52a9f232fbd6f550bc0137dcb5f99ab674071ac2d690ac69704593cb4abbea56"
dependencies = [
 "lexical-parse-integer",
 "lexical-util",
]

[[package]]
name = "lexical-parse-integer"
version = "1.0.6"
source = "registry+https://github.com/rust-lang/crates.io-index"
checksum = "9a7a039f8fb9c19c996cd7b2fcce303c1b2874fe1aca544edc85c4a5f8489b34"
dependencies = [
 "lexical-util",
]

[[package]]
name = "lexical-util"
version = "1.0.7"
source = "registry+https://github.com/rust-lang/crates.io-index"
checksum = "2604dd126bb14f13fb5d1bd6a66155079cb9fa655b37f875b3a742c705dbed17"

[[package]]
name = "lexical-write-float"
version = "1.0.6"
source = "registry+https://github.com/rust-lang/crates.io-index"
checksum = "50c438c87c013188d415fbabbb1dceb44249ab81664efbd31b14ae55dabb6361"
dependencies = [
 "lexical-util",
 "lexical-write-integer",
]

[[package]]
name = "lexical-write-integer"
version = "1.0.6"
source = "registry+https://github.com/rust-lang/crates.io-index"
checksum = "409851a618475d2d5796377cad353802345cba92c867d9fbcde9cf4eac4e14df"
dependencies = [
 "lexical-util",
]

[[package]]
name = "libm"
version = "0.2.16"
source = "registry+https://github.com/rust-lang/crates.io-index"
checksum = "b6d2cec3eae94f9f509c767b45932f1ada8350c4bdb85af2fcab4a3c14807981"

[[package]]
name = "memchr"
version = "2.8.1"
source = "registry+https://github.com/rust-lang/crates.io-index"
checksum = "6b947ae49db0d222b1dbc6b113ce7248a3fc3a6ca21b696717bfc000ba4484d8"

[[package]]
name = "noodles"
version = "0.111.0"
source = "registry+https://github.com/rust-lang/crates.io-index"
checksum = "78906b00d2b2d144c920567724ab0dc68ef8da7fc258ef18da86bbbec572000e"
dependencies = [
 "noodles-bam",
 "noodles-bgzf",
 "noodles-core",
 "noodles-csi",
 "noodles-sam",
]

[[package]]
name = "noodles-bam"
version = "0.90.0"
source = "registry+https://github.com/rust-lang/crates.io-index"
checksum = "4d319ea3e4414172455eec82f0283ae3fc6a5a8e9b23bdc16ee426986a615094"
dependencies = [
 "bstr",
 "indexmap",
 "memchr",
 "noodles-bgzf",
 "noodles-core",
 "noodles-csi",
 "noodles-sam",
]

[[package]]
name = "noodles-bgzf"
version = "0.47.0"
source = "registry+https://github.com/rust-lang/crates.io-index"
checksum = "4d22589ec50582fa0c3e629d27e5263fc5ff5d436955648ba601b7ac4155fbf2"
dependencies = [
 "bytes",
 "crossbeam-channel",
 "zlib-rs",
]

[[package]]
name = "noodles-core"
version = "0.20.0"
source = "registry+https://github.com/rust-lang/crates.io-index"
checksum = "c8dbac7c5f9a7de9fe45590f198a09697df631cd13d2060b4742cc48144555b0"
dependencies = [
 "bstr",
]

[[package]]
name = "noodles-csi"
version = "0.56.0"
source = "registry+https://github.com/rust-lang/crates.io-index"
checksum = "6832254d731cb022d46927ce64403221b280b17140516cafa21e43ee4140d633"
dependencies = [
 "bit-vec",
 "bstr",
 "indexmap",
 "noodles-bgzf",
 "noodles-core",
]

[[package]]
name = "noodles-sam"
version = "0.85.0"
source = "registry+https://github.com/rust-lang/crates.io-index"
checksum = "fbaf538bea4f886de8b3fb611784a13f82c9f8e08e942849e88ec44234674512"
dependencies = [
 "bitflags",
 "bstr",
 "indexmap",
 "lexical-core",
 "memchr",
 "noodles-bgzf",
 "noodles-core",
 "noodles-csi",
]

[[package]]
name = "once_cell"
version = "1.21.4"
source = "registry+https://github.com/rust-lang/crates.io-index"
checksum = "9f7c3e4beb33f85d45ae3e3a1792185706c8e16d043238c593331cc7cd313b50"

[[package]]
name = "proc-macro2"
version = "1.0.106"
source = "registry+https://github.com/rust-lang/crates.io-index"
checksum = "8fd00f0bb2e90d81d1044c2b32617f68fcb9fa3bb7640c23e9c748e53fb30934"
dependencies = [
 "unicode-ident",
]

[[package]]
name = "quote"
version = "1.0.45"
source = "registry+https://github.com/rust-lang/crates.io-index"
checksum = "41f2619966050689382d2b44f664f4bc593e129785a36d6ee376ddf37259b924"
dependencies = [
 "proc-macro2",
]

[[package]]
name = "rustversion"
version = "1.0.22"
source = "registry+https://github.com/rust-lang/crates.io-index"
checksum = "b39cdef0fa800fc44525c84ccb54a029961a8215f9619753635a9c0d2538d46d"

[[package]]
name = "serde"
version = "1.0.228"
source = "registry+https://github.com/rust-lang/crates.io-index"
checksum = "9a8e94ea7f378bd32cbbd37198a4a91436180c5bb472411e48b5ec2e2124ae9e"
dependencies = [
 "serde_core",
 "serde_derive",
]

[[package]]
name = "serde_core"
version = "1.0.228"
source = "registry+https://github.com/rust-lang/crates.io-index"
checksum = "41d385c7d4ca58e59fc732af25c3983b67ac852c1a25000afe1175de458b67ad"
dependencies = [
 "serde_derive",
]

[[package]]
name = "serde_derive"
version = "1.0.228"
source = "registry+https://github.com/rust-lang/crates.io-index"
checksum = "d540f220d3187173da220f885ab66608367b6574e925011a9353e4badda91d79"
dependencies = [
 "proc-macro2",
 "quote",
 "syn",
]

[[package]]
name = "serde_json"
version = "1.0.150"
source = "registry+https://github.com/rust-lang/crates.io-index"
checksum = "e8014e44b4736ed0538adeecded0fce2a272f22dc9578a7eb6b2d9993c74cfb9"
dependencies = [
 "itoa",
 "memchr",
 "serde",
 "serde_core",
 "zmij",
]

[[package]]
name = "syn"
version = "2.0.117"
source = "registry+https://github.com/rust-lang/crates.io-index"
checksum = "e665b8803e7b1d2a727f4023456bbbbe74da67099c585258af0ad9c5013b9b99"
dependencies = [
 "proc-macro2",
 "quote",
 "unicode-ident",
]

[[package]]
name = "unicode-ident"
version = "1.0.24"
source = "registry+https://github.com/rust-lang/crates.io-index"
checksum = "e6e4313cd5fcd3dad5cafa179702e2b244f760991f45397d14d4ebf38247da75"

[[package]]
name = "wasm-bindgen"
version = "0.2.122"
source = "registry+https://github.com/rust-lang/crates.io-index"
checksum = "3ed04576f974d2b2fba0f38c51dbc5518011e38c36bf1143164be765528fd409"
dependencies = [
 "cfg-if",
 "once_cell",
 "rustversion",
 "wasm-bindgen-macro",
 "wasm-bindgen-shared",
]

[[package]]
name = "wasm-bindgen-macro"
version = "0.2.122"
source = "registry+https://github.com/rust-lang/crates.io-index"
checksum = "916151b09da36bd82f6615cbf3a419e2f0ba23a03c6160e8e92eb6bd4aa1dec6"
dependencies = [
 "quote",
 "wasm-bindgen-macro-support",
]

[[package]]
name = "wasm-bindgen-macro-support"
version = "0.2.122"
source = "registry+https://github.com/rust-lang/crates.io-index"
checksum = "299047362ccbfce148b67ab7e73349f77748e00c8296f9542adfad2ad82c5c5e"
dependencies = [
 "bumpalo",
 "proc-macro2",
 "quote",
 "syn",
 "wasm-bindgen-shared",
]

[[package]]
name = "wasm-bindgen-shared"
version = "0.2.122"
source = "registry+https://github.com/rust-lang/crates.io-index"
checksum = "9a929b2c61f11ba3e9bc35b50c1f25cb38e0e892c0c231ae2b8cf78d5dad4437"
dependencies = [
 "unicode-ident",
]

[[package]]
name = "zlib-rs"
version = "0.6.3"
source = "registry+https://github.com/rust-lang/crates.io-index"
checksum = "3be3d40e40a133f9c916ee3f9f4fa2d9d63435b5fbe1bfc6d9dae0aa0ada1513"

[[package]]
name = "zmij"
version = "1.0.21"
source = "registry+https://github.com/rust-lang/crates.io-index"
checksum = "b8848ee67ecc8aedbaf3e4122217aff892639231befc6a1b58d29fff4c2cabaa"
